// !$*UTF8*$!
{
	archiveVersion = 1;
	classes = {
	};
	objectVersion = 77;
	objects = {

/* Begin PBXBuildFile section */
		94961EE12DFFB9290018C1F9 /* RealModule in Frameworks */ = {isa = PBXBuildFile; productRef = 94961EE02DFFB9290018C1F9 /* RealModule */; };
/* End PBXBuildFile section */

/* Begin PBXContainerItemProxy section */
		9422C9122DFBECFB000EF9CF /* PBXContainerItemProxy */ = {
			isa = PBXContainerItemProxy;
			containerPortal = 9422C8FC2DFBECF9000EF9CF /* Project object */;
			proxyType = 1;
			remoteGlobalIDString = 9422C9032DFBECF9000EF9CF;
			remoteInfo = InterTimed;
		};
		9422C91C2DFBECFB000EF9CF /* PBXContainerItemProxy */ = {
			isa = PBXContainerItemProxy;
			containerPortal = 9422C8FC2DFBECF9000EF9CF /* Project object */;
			proxyType = 1;
			remoteGlobalIDString = 9422C9032DFBECF9000EF9CF;
			remoteInfo = InterTimed;
		};
/* End PBXContainerItemProxy section */

/* Begin PBXFileReference section */
		9422C9042DFBECF9000EF9CF /* InterTimed.app */ = {isa = PBXFileReference; explicitFileType = wrapper.application; includeInIndex = 0; path = InterTimed.app; sourceTree = BUILT_PRODUCTS_DIR; };
		9422C9112DFBECFB000EF9CF /* InterTimedTests.xctest */ = {isa = PBXFileReference; explicitFileType = wrapper.cfbundle; includeInIndex = 0; path = InterTimedTests.xctest; sourceTree = BUILT_PRODUCTS_DIR; };
		9422C91B2DFBECFB000EF9CF /* InterTimedUITests.xctest */ = {isa = PBXFileReference; explicitFileType = wrapper.cfbundle; includeInIndex = 0; path = InterTimedUITests.xctest; sourceTree = BUILT_PRODUCTS_DIR; };
/* End PBXFileReference section */

/* Begin PBXFileSystemSynchronizedBuildFileExceptionSet section */
		94ABCF052E08F92400BCB3FE /* Exceptions for "InterTimed" folder in "InterTimed" target */ = {
			isa = PBXFileSystemSynchronizedBuildFileExceptionSet;
			membershipExceptions = (
				InterTimed/TimingModel,
			);
			target = 9422C9032DFBECF9000EF9CF /* InterTimed */;
		};
/* End PBXFileSystemSynchronizedBuildFileExceptionSet section */

/* Begin PBXFileSystemSynchronizedRootGroup section */
		9422C9062DFBECF9000EF9CF /* InterTimed */ = {
			isa = PBXFileSystemSynchronizedRootGroup;
			exceptions = (
				94ABCF052E08F92400BCB3FE /* Exceptions for "InterTimed" folder in "InterTimed" target */,
			);
			path = InterTimed;
			sourceTree = "<group>";
		};
		9422C9142DFBECFB000EF9CF /* InterTimedTests */ = {
			isa = PBXFileSystemSynchronizedRootGroup;
			path = InterTimedTests;
			sourceTree = "<group>";
		};
		9422C91E2DFBECFB000EF9CF /* InterTimedUITests */ = {
			isa = PBXFileSystemSynchronizedRootGroup;
			path = InterTimedUITests;
			sourceTree = "<group>";
		};
/* End PBXFileSystemSynchronizedRootGroup section */

/* Begin PBXFrameworksBuildPhase section */
		9422C9012DFBECF9000EF9CF /* Frameworks */ = {
			isa = PBXFrameworksBuildPhase;
			buildActionMask = 2147483647;
			files = (
			);
			runOnlyForDeploymentPostprocessing = 0;
		};
		9422C90E2DFBECFB000EF9CF /* Frameworks */ = {
			isa = PBXFrameworksBuildPhase;
			buildActionMask = 2147483647;
			files = (
				94961EE12DFFB9290018C1F9 /* RealModule in Frameworks */,
			);
			runOnlyForDeploymentPostprocessing = 0;
		};
		9422C9182DFBECFB000EF9CF /* Frameworks */ = {
			isa = PBXFrameworksBuildPhase;
			buildActionMask = 2147483647;
			files = (
			);
			runOnlyForDeploymentPostprocessing = 0;
		};
/* End PBXFrameworksBuildPhase section */

/* Begin PBXGroup section */
		9422C8FB2DFBECF9000EF9CF = {
			isa = PBXGroup;
			children = (
				9422C9062DFBECF9000EF9CF /* InterTimed */,
				9422C9142DFBECFB000EF9CF /* InterTimedTests */,
				9422C91E2DFBECFB000EF9CF /* InterTimedUITests */,
				9422C9052DFBECF9000EF9CF /* Products */,
			);
			sourceTree = "<group>";
		};
		9422C9052DFBECF9000EF9CF /* Products */ = {
			isa = PBXGroup;
			children = (
				9422C9042DFBECF9000EF9CF /* InterTimed.app */,
				9422C9112DFBECFB000EF9CF /* InterTimedTests.xctest */,
				9422C91B2DFBECFB000EF9CF /* InterTimedUITests.xctest */,
			);
			name = Products;
			sourceTree = "<group>";
		};
/* End PBXGroup section */

/* Begin PBXNativeTarget section */
		9422C9032DFBECF9000EF9CF /* InterTimed */ = {
			isa = PBXNativeTarget;
			buildConfigurationList = 9422C9252DFBECFB000EF9CF /* Build configuration list for PBXNativeTarget "InterTimed" */;
			buildPhases = (
				9422C9002DFBECF9000EF9CF /* Sources */,
				9422C9012DFBECF9000EF9CF /* Frameworks */,
				9422C9022DFBECF9000EF9CF /* Resources */,
			);
			buildRules = (
			);
			dependencies = (
			);
			fileSystemSynchronizedGroups = (
				9422C9062DFBECF9000EF9CF /* InterTimed */,
			);
			name = InterTimed;
			packageProductDependencies = (
			);
			productName = InterTimed;
			productReference = 9422C9042DFBECF9000EF9CF /* InterTimed.app */;
			productType = "com.apple.product-type.application";
		};
		9422C9102DFBECFB000EF9CF /* InterTimedTests */ = {
			isa = PBXNativeTarget;
			buildConfigurationList = 9422C9282DFBECFB000EF9CF /* Build configuration list for PBXNativeTarget "InterTimedTests" */;
			buildPhases = (
				9422C90D2DFBECFB000EF9CF /* Sources */,
				9422C90E2DFBECFB000EF9CF /* Frameworks */,
				9422C90F2DFBECFB000EF9CF /* Resources */,
			);
			buildRules = (
			);
			dependencies = (
				9422C9132DFBECFB000EF9CF /* PBXTargetDependency */,
			);
			fileSystemSynchronizedGroups = (
				9422C9142DFBECFB000EF9CF /* InterTimedTests */,
			);
			name = InterTimedTests;
			packageProductDependencies = (
				94961EE02DFFB9290018C1F9 /* RealModule */,
			);
			productName = InterTimedTests;
			productReference = 9422C9112DFBECFB000EF9CF /* InterTimedTests.xctest */;
			productType = "com.apple.product-type.bundle.unit-test";
		};
		9422C91A2DFBECFB000EF9CF /* InterTimedUITests */ = {
			isa = PBXNativeTarget;
			buildConfigurationList = 9422C92B2DFBECFB000EF9CF /* Build configuration list for PBXNativeTarget "InterTimedUITests" */;
			buildPhases = (
				9422C9172DFBECFB000EF9CF /* Sources */,
				9422C9182DFBECFB000EF9CF /* Frameworks */,
				9422C9192DFBECFB000EF9CF /* Resources */,
			);
			buildRules = (
			);
			dependencies = (
				9422C91D2DFBECFB000EF9CF /* PBXTargetDependency */,
			);
			fileSystemSynchronizedGroups = (
				9422C91E2DFBECFB000EF9CF /* InterTimedUITests */,
			);
			name = InterTimedUITests;
			packageProductDependencies = (
			);
			productName = InterTimedUITests;
			productReference = 9422C91B2DFBECFB000EF9CF /* InterTimedUITests.xctest */;
			productType = "com.apple.product-type.bundle.ui-testing";
		};
/* End PBXNativeTarget section */

/* Begin PBXProject section */
		9422C8FC2DFBECF9000EF9CF /* Project object */ = {
			isa = PBXProject;
			attributes = {
				BuildIndependentTargetsInParallel = 1;
				LastSwiftUpdateCheck = 2600;
				LastUpgradeCheck = 2600;
				TargetAttributes = {
					9422C9032DFBECF9000EF9CF = {
						CreatedOnToolsVersion = 26.0;
					};
					9422C9102DFBECFB000EF9CF = {
						CreatedOnToolsVersion = 26.0;
						TestTargetID = 9422C9032DFBECF9000EF9CF;
					};
					9422C91A2DFBECFB000EF9CF = {
						CreatedOnToolsVersion = 26.0;
						TestTargetID = 9422C9032DFBECF9000EF9CF;
					};
				};
			};
			buildConfigurationList = 9422C8FF2DFBECF9000EF9CF /* Build configuration list for PBXProject "InterTimed" */;
			developmentRegion = en;
			hasScannedForEncodings = 0;
			knownRegions = (
				en,
				Base,
			);
			mainGroup = 9422C8FB2DFBECF9000EF9CF;
			minimizedProjectReferenceProxies = 1;
			packageReferences = (
				94961EDF2DFFB9290018C1F9 /* XCRemoteSwiftPackageReference "swift-numerics" */,
			);
			preferredProjectObjectVersion = 77;
			productRefGroup = 9422C9052DFBECF9000EF9CF /* Products */;
			projectDirPath = "";
			projectRoot = "";
			targets = (
				9422C9032DFBECF9000EF9CF /* InterTimed */,
				9422C9102DFBECFB000EF9CF /* InterTimedTests */,
				9422C91A2DFBECFB000EF9CF /* InterTimedUITests */,
			);
		};
/* End PBXProject section */

/* Begin PBXResourcesBuildPhase section */
		9422C9022DFBECF9000EF9CF /* Resources */ = {
			isa = PBXResourcesBuildPhase;
			buildActionMask = 2147483647;
			files = (
			);
			runOnlyForDeploymentPostprocessing = 0;
		};
		9422C90F2DFBECFB000EF9CF /* Resources */ = {
			isa = PBXResourcesBuildPhase;
			buildActionMask = 2147483647;
			files = (
			);
			runOnlyForDeploymentPostprocessing = 0;
		};
		9422C9192DFBECFB000EF9CF /* Resources */ = {
			isa = PBXResourcesBuildPhase;
			buildActionMask = 2147483647;
			files = (
			);
			runOnlyForDeploymentPostprocessing = 0;
		};
/* End PBXResourcesBuildPhase section */

/* Begin PBXSourcesBuildPhase section */
		9422C9002DFBECF9000EF9CF /* Sources */ = {
			isa = PBXSourcesBuildPhase;
			buildActionMask = 2147483647;
			files = (
			);
			runOnlyForDeploymentPostprocessing = 0;
		};
		9422C90D2DFBECFB000EF9CF /* Sources */ = {
			isa = PBXSourcesBuildPhase;
			buildActionMask = 2147483647;
			files = (
			);
			runOnlyForDeploymentPostprocessing = 0;
		};
		9422C9172DFBECFB000EF9CF /* Sources */ = {
			isa = PBXSourcesBuildPhase;
			buildActionMask = 2147483647;
			files = (
			);
			runOnlyForDeploymentPostprocessing = 0;
		};
/* End PBXSourcesBuildPhase section */

/* Begin PBXTargetDependency section */
		9422C9132DFBECFB000EF9CF /* PBXTargetDependency */ = {
			isa = PBXTargetDependency;
			target = 9422C9032DFBECF9000EF9CF /* InterTimed */;
			targetProxy = 9422C9122DFBECFB000EF9CF /* PBXContainerItemProxy */;
		};
		9422C91D2DFBECFB000EF9CF /* PBXTargetDependency */ = {
			isa = PBXTargetDependency;
			target = 9422C9032DFBECF9000EF9CF /* InterTimed */;
			targetProxy = 9422C91C2DFBECFB000EF9CF /* PBXContainerItemProxy */;
		};
/* End PBXTargetDependency section */

/* Begin XCBuildConfiguration section */
		9422C9232DFBECFB000EF9CF /* Debug */ = {
			isa = XCBuildConfiguration;
			buildSettings = {
				ALWAYS_SEARCH_USER_PATHS = NO;
				ASSETCATALOG_COMPILER_GENERATE_SWIFT_ASSET_SYMBOL_EXTENSIONS = YES;
				CLANG_ANALYZER_NONNULL = YES;
				CLANG_ANALYZER_NUMBER_OBJECT_CONVERSION = YES_AGGRESSIVE;
				CLANG_CXX_LANGUAGE_STANDARD = "gnu++20";
				CLANG_ENABLE_MODULES = YES;
				CLANG_ENABLE_OBJC_ARC = YES;
				CLANG_ENABLE_OBJC_WEAK = YES;
				CLANG_WARN_BLOCK_CAPTURE_AUTORELEASING = YES;
				CLANG_WARN_BOOL_CONVERSION = YES;
				CLANG_WARN_COMMA = YES;
				CLANG_WARN_CONSTANT_CONVERSION = YES;
				CLANG_WARN_DEPRECATED_OBJC_IMPLEMENTATIONS = YES;
				CLANG_WARN_DIRECT_OBJC_ISA_USAGE = YES_ERROR;
				CLANG_WARN_DOCUMENTATION_COMMENTS = YES;
				CLANG_WARN_EMPTY_BODY = YES;
				CLANG_WARN_ENUM_CONVERSION = YES;
				CLANG_WARN_INFINITE_RECURSION = YES;
				CLANG_WARN_INT_CONVERSION = YES;
				CLANG_WARN_NON_LITERAL_NULL_CONVERSION = YES;
				CLANG_WARN_OBJC_IMPLICIT_RETAIN_SELF = YES;
				CLANG_WARN_OBJC_LITERAL_CONVERSION = YES;
				CLANG_WARN_OBJC_ROOT_CLASS = YES_ERROR;
				CLANG_WARN_QUOTED_INCLUDE_IN_FRAMEWORK_HEADER = YES;
				CLANG_WARN_RANGE_LOOP_ANALYSIS = YES;
				CLANG_WARN_STRICT_PROTOTYPES = YES;
				CLANG_WARN_SUSPICIOUS_MOVE = YES;
				CLANG_WARN_UNGUARDED_AVAILABILITY = YES_AGGRESSIVE;
				CLANG_WARN_UNREACHABLE_CODE = YES;
				CLANG_WARN__DUPLICATE_METHOD_MATCH = YES;
				COPY_PHASE_STRIP = NO;
				DEBUG_INFORMATION_FORMAT = dwarf;
				DEVELOPMENT_TEAM = 86WHH6CGFH;
				ENABLE_STRICT_OBJC_MSGSEND = YES;
				ENABLE_TESTABILITY = YES;
				ENABLE_USER_SCRIPT_SANDBOXING = YES;
				GCC_C_LANGUAGE_STANDARD = gnu17;
				GCC_DYNAMIC_NO_PIC = NO;
				GCC_NO_COMMON_BLOCKS = YES;
				GCC_OPTIMIZATION_LEVEL = 0;
				GCC_PREPROCESSOR_DEFINITIONS = (
					"DEBUG=1",
					"$(inherited)",
				);
				GCC_WARN_64_TO_32_BIT_CONVERSION = YES;
				GCC_WARN_ABOUT_RETURN_TYPE = YES_ERROR;
				GCC_WARN_UNDECLARED_SELECTOR = YES;
				GCC_WARN_UNINITIALIZED_AUTOS = YES_AGGRESSIVE;
				GCC_WARN_UNUSED_FUNCTION = YES;
				GCC_WARN_UNUSED_VARIABLE = YES;
				IPHONEOS_DEPLOYMENT_TARGET = 26.0;
				LOCALIZATION_PREFERS_STRING_CATALOGS = YES;
				MTL_ENABLE_DEBUG_INFO = INCLUDE_SOURCE;
				MTL_FAST_MATH = YES;
				ONLY_ACTIVE_ARCH = YES;
				SDKROOT = iphoneos;
				SWIFT_ACTIVE_COMPILATION_CONDITIONS = "DEBUG $(inherited)";
				SWIFT_OPTIMIZATION_LEVEL = "-Onone";
			};
			name = Debug;
		};
		9422C9242DFBECFB000EF9CF /* Release */ = {
			isa = XCBuildConfiguration;
			buildSettings = {
				ALWAYS_SEARCH_USER_PATHS = NO;
				ASSETCATALOG_COMPILER_GENERATE_SWIFT_ASSET_SYMBOL_EXTENSIONS = YES;
				CLANG_ANALYZER_NONNULL = YES;
				CLANG_ANALYZER_NUMBER_OBJECT_CONVERSION = YES_AGGRESSIVE;
				CLANG_CXX_LANGUAGE_STANDARD = "gnu++20";
				CLANG_ENABLE_MODULES = YES;
				CLANG_ENABLE_OBJC_ARC = YES;
				CLANG_ENABLE_OBJC_WEAK = YES;
				CLANG_WARN_BLOCK_CAPTURE_AUTORELEASING = YES;
				CLANG_WARN_BOOL_CONVERSION = YES;
				CLANG_WARN_COMMA = YES;
				CLANG_WARN_CONSTANT_CONVERSION = YES;
				CLANG_WARN_DEPRECATED_OBJC_IMPLEMENTATIONS = YES;
				CLANG_WARN_DIRECT_OBJC_ISA_USAGE = YES_ERROR;
				CLANG_WARN_DOCUMENTATION_COMMENTS = YES;
				CLANG_WARN_EMPTY_BODY = YES;
				CLANG_WARN_ENUM_CONVERSION = YES;
				CLANG_WARN_INFINITE_RECURSION = YES;
				CLANG_WARN_INT_CONVERSION = YES;
				CLANG_WARN_NON_LITERAL_NULL_CONVERSION = YES;
				CLANG_WARN_OBJC_IMPLICIT_RETAIN_SELF = YES;
				CLANG_WARN_OBJC_LITERAL_CONVERSION = YES;
				CLANG_WARN_OBJC_ROOT_CLASS = YES_ERROR;
				CLANG_WARN_QUOTED_INCLUDE_IN_FRAMEWORK_HEADER = YES;
				CLANG_WARN_RANGE_LOOP_ANALYSIS = YES;
				CLANG_WARN_STRICT_PROTOTYPES = YES;
				CLANG_WARN_SUSPICIOUS_MOVE = YES;
				CLANG_WARN_UNGUARDED_AVAILABILITY = YES_AGGRESSIVE;
				CLANG_WARN_UNREACHABLE_CODE = YES;
				CLANG_WARN__DUPLICATE_METHOD_MATCH = YES;
				COPY_PHASE_STRIP = NO;
				DEBUG_INFORMATION_FORMAT = "dwarf-with-dsym";
				DEVELOPMENT_TEAM = 86WHH6CGFH;
				ENABLE_NS_ASSERTIONS = NO;
				ENABLE_STRICT_OBJC_MSGSEND = YES;
				ENABLE_USER_SCRIPT_SANDBOXING = YES;
				GCC_C_LANGUAGE_STANDARD = gnu17;
				GCC_NO_COMMON_BLOCKS = YES;
				GCC_WARN_64_TO_32_BIT_CONVERSION = YES;
				GCC_WARN_ABOUT_RETURN_TYPE = YES_ERROR;
				GCC_WARN_UNDECLARED_SELECTOR = YES;
				GCC_WARN_UNINITIALIZED_AUTOS = YES_AGGRESSIVE;
				GCC_WARN_UNUSED_FUNCTION = YES;
				GCC_WARN_UNUSED_VARIABLE = YES;
				IPHONEOS_DEPLOYMENT_TARGET = 26.0;
				LOCALIZATION_PREFERS_STRING_CATALOGS = YES;
				MTL_ENABLE_DEBUG_INFO = NO;
				MTL_FAST_MATH = YES;
				SDKROOT = iphoneos;
				SWIFT_COMPILATION_MODE = wholemodule;
				VALIDATE_PRODUCT = YES;
			};
			name = Release;
		};
		9422C9262DFBECFB000EF9CF /* Debug */ = {
			isa = XCBuildConfiguration;
			buildSettings = {
				ASSETCATALOG_COMPILER_APPICON_NAME = AppIcon;
				ASSETCATALOG_COMPILER_GLOBAL_ACCENT_COLOR_NAME = AccentColor;
				CODE_SIGN_STYLE = Automatic;
				CURRENT_PROJECT_VERSION = 1;
				DEVELOPMENT_TEAM = 86WHH6CGFH;
				ENABLE_PREVIEWS = YES;
				GENERATE_INFOPLIST_FILE = YES;
				INFOPLIST_KEY_UIApplicationSceneManifest_Generation = YES;
				INFOPLIST_KEY_UIApplicationSupportsIndirectInputEvents = YES;
				INFOPLIST_KEY_UILaunchScreen_Generation = YES;
				INFOPLIST_KEY_UISupportedInterfaceOrientations_iPad = "UIInterfaceOrientationPortrait UIInterfaceOrientationPortraitUpsideDown UIInterfaceOrientationLandscapeLeft UIInterfaceOrientationLandscapeRight";
				INFOPLIST_KEY_UISupportedInterfaceOrientations_iPhone = "UIInterfaceOrientationPortrait UIInterfaceOrientationLandscapeLeft UIInterfaceOrientationLandscapeRight";
				LD_RUNPATH_SEARCH_PATHS = (
					"$(inherited)",
					"@executable_path/Frameworks",
				);
				MARKETING_VERSION = 1.0;
				PRODUCT_BUNDLE_IDENTIFIER = com.TrevorHafner.InterTimed;
				PRODUCT_NAME = "$(TARGET_NAME)";
				STRING_CATALOG_GENERATE_SYMBOLS = YES;
				SWIFT_DEFAULT_ACTOR_ISOLATION = MainActor;
				SWIFT_EMIT_LOC_STRINGS = YES;
				SWIFT_UPCOMING_FEATURE_MEMBER_IMPORT_VISIBILITY = YES;
				SWIFT_VERSION = 5.0;
				TARGETED_DEVICE_FAMILY = "1,2";
			};
			name = Debug;
		};
		9422C9272DFBECFB000EF9CF /* Release */ = {
			isa = XCBuildConfiguration;
			buildSettings = {
				ASSETCATALOG_COMPILER_APPICON_NAME = AppIcon;
				ASSETCATALOG_COMPILER_GLOBAL_ACCENT_COLOR_NAME = AccentColor;
				CODE_SIGN_STYLE = Automatic;
				CURRENT_PROJECT_VERSION = 1;
				DEVELOPMENT_TEAM = 86WHH6CGFH;
				ENABLE_PREVIEWS = YES;
				GENERATE_INFOPLIST_FILE = YES;
				INFOPLIST_KEY_UIApplicationSceneManifest_Generation = YES;
				INFOPLIST_KEY_UIApplicationSupportsIndirectInputEvents = YES;
				INFOPLIST_KEY_UILaunchScreen_Generation = YES;
				INFOPLIST_KEY_UISupportedInterfaceOrientations_iPad = "UIInterfaceOrientationPortrait UIInterfaceOrientationPortraitUpsideDown UIInterfaceOrientationLandscapeLeft UIInterfaceOrientationLandscapeRight";
				INFOPLIST_KEY_UISupportedInterfaceOrientations_iPhone = "UIInterfaceOrientationPortrait UIInterfaceOrientationLandscapeLeft UIInterfaceOrientationLandscapeRight";
				LD_RUNPATH_SEARCH_PATHS = (
					"$(inherited)",
					"@executable_path/Frameworks",
				);
				MARKETING_VERSION = 1.0;
				PRODUCT_BUNDLE_IDENTIFIER = com.TrevorHafner.InterTimed;
				PRODUCT_NAME = "$(TARGET_NAME)";
				STRING_CATALOG_GENERATE_SYMBOLS = YES;
				SWIFT_DEFAULT_ACTOR_ISOLATION = MainActor;
				SWIFT_EMIT_LOC_STRINGS = YES;
				SWIFT_UPCOMING_FEATURE_MEMBER_IMPORT_VISIBILITY = YES;
				SWIFT_VERSION = 5.0;
				TARGETED_DEVICE_FAMILY = "1,2";
			};
			name = Release;
		};
		9422C9292DFBECFB000EF9CF /* Debug */ = {
			isa = XCBuildConfiguration;
			buildSettings = {
				BUNDLE_LOADER = "$(TEST_HOST)";
				CODE_SIGN_STYLE = Automatic;
				CURRENT_PROJECT_VERSION = 1;
				DEVELOPMENT_TEAM = 86WHH6CGFH;
				GENERATE_INFOPLIST_FILE = YES;
				IPHONEOS_DEPLOYMENT_TARGET = 26.0;
				MARKETING_VERSION = 1.0;
				PRODUCT_BUNDLE_IDENTIFIER = com.TrevorHafner.InterTimedTests;
				PRODUCT_NAME = "$(TARGET_NAME)";
				STRING_CATALOG_GENERATE_SYMBOLS = NO;
				SWIFT_EMIT_LOC_STRINGS = NO;
				SWIFT_UPCOMING_FEATURE_MEMBER_IMPORT_VISIBILITY = YES;
				SWIFT_VERSION = 5.0;
				TARGETED_DEVICE_FAMILY = "1,2";
				TEST_HOST = "$(BUILT_PRODUCTS_DIR)/InterTimed.app/$(BUNDLE_EXECUTABLE_FOLDER_PATH)/InterTimed";
			};
			name = Debug;
		};
		9422C92A2DFBECFB000EF9CF /* Release */ = {
			isa = XCBuildConfiguration;
			buildSettings = {
				BUNDLE_LOADER = "$(TEST_HOST)";
				CODE_SIGN_STYLE = Automatic;
				CURRENT_PROJECT_VERSION = 1;
				DEVELOPMENT_TEAM = 86WHH6CGFH;
				GENERATE_INFOPLIST_FILE = YES;
				IPHONEOS_DEPLOYMENT_TARGET = 26.0;
				MARKETING_VERSION = 1.0;
				PRODUCT_BUNDLE_IDENTIFIER = com.TrevorHafner.InterTimedTests;
				PRODUCT_NAME = "$(TARGET_NAME)";
				STRING_CATALOG_GENERATE_SYMBOLS = NO;
				SWIFT_EMIT_LOC_STRINGS = NO;
				SWIFT_UPCOMING_FEATURE_MEMBER_IMPORT_VISIBILITY = YES;
				SWIFT_VERSION = 5.0;
				TARGETED_DEVICE_FAMILY = "1,2";
				TEST_HOST = "$(BUILT_PRODUCTS_DIR)/InterTimed.app/$(BUNDLE_EXECUTABLE_FOLDER_PATH)/InterTimed";
			};
			name = Release;
		};
		9422C92C2DFBECFB000EF9CF /* Debug */ = {
			isa = XCBuildConfiguration;
			buildSettings = {
				CODE_SIGN_STYLE = Automatic;
				CURRENT_PROJECT_VERSION = 1;
				DEVELOPMENT_TEAM = 86WHH6CGFH;
				GENERATE_INFOPLIST_FILE = YES;
				MARKETING_VERSION = 1.0;
				PRODUCT_BUNDLE_IDENTIFIER = com.TrevorHafner.InterTimedUITests;
				PRODUCT_NAME = "$(TARGET_NAME)";
				STRING_CATALOG_GENERATE_SYMBOLS = NO;
				SWIFT_EMIT_LOC_STRINGS = NO;
				SWIFT_UPCOMING_FEATURE_MEMBER_IMPORT_VISIBILITY = YES;
				SWIFT_VERSION = 5.0;
				TARGETED_DEVICE_FAMILY = "1,2";
				TEST_TARGET_NAME = InterTimed;
			};
			name = Debug;
		};
		9422C92D2DFBECFB000EF9CF /* Release */ = {
			isa = XCBuildConfiguration;
			buildSettings = {
				CODE_SIGN_STYLE = Automatic;
				CURRENT_PROJECT_VERSION = 1;
				DEVELOPMENT_TEAM = 86WHH6CGFH;
				GENERATE_INFOPLIST_FILE = YES;
				MARKETING_VERSION = 1.0;
				PRODUCT_BUNDLE_IDENTIFIER = com.TrevorHafner.InterTimedUITests;
				PRODUCT_NAME = "$(TARGET_NAME)";
				STRING_CATALOG_GENERATE_SYMBOLS = NO;
				SWIFT_EMIT_LOC_STRINGS = NO;
				SWIFT_UPCOMING_FEATURE_MEMBER_IMPORT_VISIBILITY = YES;
				SWIFT_VERSION = 5.0;
				TARGETED_DEVICE_FAMILY = "1,2";
				TEST_TARGET_NAME = InterTimed;
			};
			name = Release;
		};
/* End XCBuildConfiguration section */

/* Begin XCConfigurationList section */
		9422C8FF2DFBECF9000EF9CF /* Build configuration list for PBXProject "InterTimed" */ = {
			isa = XCConfigurationList;
			buildConfigurations = (
				9422C9232DFBECFB000EF9CF /* Debug */,
				9422C9242DFBECFB000EF9CF /* Release */,
			);
			defaultConfigurationIsVisible = 0;
			defaultConfigurationName = Release;
		};
		9422C9252DFBECFB000EF9CF /* Build configuration list for PBXNativeTarget "InterTimed" */ = {
			isa = XCConfigurationList;
			buildConfigurations = (
				9422C9262DFBECFB000EF9CF /* Debug */,
				9422C9272DFBECFB000EF9CF /* Release */,
			);
			defaultConfigurationIsVisible = 0;
			defaultConfigurationName = Release;
		};
		9422C9282DFBECFB000EF9CF /* Build configuration list for PBXNativeTarget "InterTimedTests" */ = {
			isa = XCConfigurationList;
			buildConfigurations = (
				9422C9292DFBECFB000EF9CF /* Debug */,
				9422C92A2DFBECFB000EF9CF /* Release */,
			);
			defaultConfigurationIsVisible = 0;
			defaultConfigurationName = Release;
		};
		9422C92B2DFBECFB000EF9CF /* Build configuration list for PBXNativeTarget "InterTimedUITests" */ = {
			isa = XCConfigurationList;
			buildConfigurations = (
				9422C92C2DFBECFB000EF9CF /* Debug */,
				9422C92D2DFBECFB000EF9CF /* Release */,
			);
			defaultConfigurationIsVisible = 0;
			defaultConfigurationName = Release;
		};
/* End XCConfigurationList section */

/* Begin XCRemoteSwiftPackageReference section */
		94961EDF2DFFB9290018C1F9 /* XCRemoteSwiftPackageReference "swift-numerics" */ = {
			isa = XCRemoteSwiftPackageReference;
			repositoryURL = "https://github.com/apple/swift-numerics.git";
			requirement = {
				kind = upToNextMajorVersion;
				minimumVersion = 1.0.3;
			};
		};
/* End XCRemoteSwiftPackageReference section */

/* Begin XCSwiftPackageProductDependency section */
		94961EE02DFFB9290018C1F9 /* RealModule */ = {
			isa = XCSwiftPackageProductDependency;
			package = 94961EDF2DFFB9290018C1F9 /* XCRemoteSwiftPackageReference "swift-numerics" */;
			productName = RealModule;
		};
/* End XCSwiftPackageProductDependency section */
	};
	rootObject = 9422C8FC2DFBECF9000EF9CF /* Project object */;
}
